
Microsoft Visual Studio Solution File, Format Version 12.00
# Visual Studio 2015
Project("{FAE04EC0-301F-11D3-BF4B-00C04F79EFBC}") = "VR Remote", "VR Remote.csproj", "{B4B79DB4-345A-149B-EFD1-7BFC91F8042E}"
EndProject
Project("{FAE04EC0-301F-11D3-BF4B-00C04F79EFBC}") = "VR Remote.Editor", "VR Remote.Editor.csproj", "{3CA3F397-7705-0D95-C8FB-40F4FB15F610}"
EndProject
Global
	GlobalSection(SolutionConfigurationPlatforms) = preSolution
		Debug|Any CPU = Debug|Any CPU
		Release|Any CPU = Release|Any CPU
	EndGlobalSection
	GlobalSection(ProjectConfigurationPlatforms) = postSolution
		{B4B79DB4-345A-149B-EFD1-7BFC91F8042E}.Debug|Any CPU.ActiveCfg = Debug|Any CPU
		{B4B79DB4-345A-149B-EFD1-7BFC91F8042E}.Debug|Any CPU.Build.0 = Debug|Any CPU
		{B4B79DB4-345A-149B-EFD1-7BFC91F8042E}.Release|Any CPU.ActiveCfg = Release|Any CPU
		{B4B79DB4-345A-149B-EFD1-7BFC91F8042E}.Release|Any CPU.Build.0 = Release|Any CPU
		{3CA3F397-7705-0D95-C8FB-40F4FB15F610}.Debug|Any CPU.ActiveCfg = Debug|Any CPU
		{3CA3F397-7705-0D95-C8FB-40F4FB15F610}.Debug|Any CPU.Build.0 = Debug|Any CPU
		{3CA3F397-7705-0D95-C8FB-40F4FB15F610}.Release|Any CPU.ActiveCfg = Release|Any CPU
		{3CA3F397-7705-0D95-C8FB-40F4FB15F610}.Release|Any CPU.Build.0 = Release|Any CPU
	EndGlobalSection
	GlobalSection(SolutionProperties) = preSolution
		HideSolutionNode = FALSE
	EndGlobalSection
EndGlobal
